
Microsoft Visual Studio Solution File, Format Version 12.00
# Visual Studio Version 17
VisualStudioVersion = 17.14.36408.4 d17.14
MinimumVisualStudioVersion = 10.0.40219.1
Project("{2150E333-8FDC-42A3-9474-1A3956D46DE8}") = "01-Api", "01-Api", "{02EA681E-C7D8-13C7-8484-4AC65E1B71E8}"
EndProject
Project("{2150E333-8FDC-42A3-9474-1A3956D46DE8}") = "02-Application", "02-Application", "{74D07757-DD02-4911-928C-17AA44397FCB}"
EndProject
Project("{2150E333-8FDC-42A3-9474-1A3956D46DE8}") = "03-Domain", "03-Domain", "{DB8A13FB-210A-40BA-8138-9AA06276BE6A}"
EndProject
Project("{2150E333-8FDC-42A3-9474-1A3956D46DE8}") = "04-Infra", "04-Infra", "{5DC68250-F4F6-4D64-8FB9-C1090AB9F4F4}"
EndProject
Project("{2150E333-8FDC-42A3-9474-1A3956D46DE8}") = "05-unittest", "05-unittest", "{33B23AB2-4773-4C4A-86AB-DF776185B2C0}"
EndProject
Project("{2150E333-8FDC-42A3-9474-1A3956D46DE8}") = "04.1-Infra.CossCutting.Ioc", "04.1-Infra.CossCutting.Ioc", "{50354512-0CEB-4509-B044-EC146F6BADA5}"
EndProject
Project("{2150E333-8FDC-42A3-9474-1A3956D46DE8}") = "04.2-Infra.Data", "04.2-Infra.Data", "{058E0DB8-A07B-4B7B-82C8-F2493AA8F256}"
EndProject
Project("{FAE04EC0-301F-11D3-BF4B-00C04F79EFBC}") = "Application", "Application\Application.csproj", "{7CAA4862-36BE-46AE-BC02-E5A3BA56016F}"
EndProject
Project("{FAE04EC0-301F-11D3-BF4B-00C04F79EFBC}") = "Domain", "Domain\Domain.csproj", "{0270B06A-9ACF-4A01-A09B-B0D084C6E00A}"
EndProject
Project("{FAE04EC0-301F-11D3-BF4B-00C04F79EFBC}") = "Infra.CossCutting.Ioc", "Infra.CossCutting.Ioc\Infra.CossCutting.Ioc.csproj", "{7945EE77-2F2D-4EFD-A8EB-49DC4F4946D7}"
EndProject
Project("{FAE04EC0-301F-11D3-BF4B-00C04F79EFBC}") = "Infra.Data", "Infra.Data\Infra.Data.csproj", "{A2A4D5F4-B1C1-4CDB-90FB-A427B4139443}"
EndProject
Project("{FAE04EC0-301F-11D3-BF4B-00C04F79EFBC}") = "TestProject", "TestProject\TestProject.csproj", "{2D26FE47-506B-47AE-B02B-0B77D112E811}"
EndProject
Project("{FAE04EC0-301F-11D3-BF4B-00C04F79EFBC}") = "DesafioOpea", "DesafioOpea\DesafioOpea.csproj", "{2721BBAD-6581-4C92-910E-0627D9DEC4BB}"
EndProject
Global
	GlobalSection(SolutionConfigurationPlatforms) = preSolution
		Debug|Any CPU = Debug|Any CPU
		Release|Any CPU = Release|Any CPU
	EndGlobalSection
	GlobalSection(ProjectConfigurationPlatforms) = postSolution
		{7CAA4862-36BE-46AE-BC02-E5A3BA56016F}.Debug|Any CPU.ActiveCfg = Debug|Any CPU
		{7CAA4862-36BE-46AE-BC02-E5A3BA56016F}.Debug|Any CPU.Build.0 = Debug|Any CPU
		{7CAA4862-36BE-46AE-BC02-E5A3BA56016F}.Release|Any CPU.ActiveCfg = Release|Any CPU
		{7CAA4862-36BE-46AE-BC02-E5A3BA56016F}.Release|Any CPU.Build.0 = Release|Any CPU
		{0270B06A-9ACF-4A01-A09B-B0D084C6E00A}.Debug|Any CPU.ActiveCfg = Debug|Any CPU
		{0270B06A-9ACF-4A01-A09B-B0D084C6E00A}.Debug|Any CPU.Build.0 = Debug|Any CPU
		{0270B06A-9ACF-4A01-A09B-B0D084C6E00A}.Release|Any CPU.ActiveCfg = Release|Any CPU
		{0270B06A-9ACF-4A01-A09B-B0D084C6E00A}.Release|Any CPU.Build.0 = Release|Any CPU
		{7945EE77-2F2D-4EFD-A8EB-49DC4F4946D7}.Debug|Any CPU.ActiveCfg = Debug|Any CPU
		{7945EE77-2F2D-4EFD-A8EB-49DC4F4946D7}.Debug|Any CPU.Build.0 = Debug|Any CPU
		{7945EE77-2F2D-4EFD-A8EB-49DC4F4946D7}.Release|Any CPU.ActiveCfg = Release|Any CPU
		{7945EE77-2F2D-4EFD-A8EB-49DC4F4946D7}.Release|Any CPU.Build.0 = Release|Any CPU
		{A2A4D5F4-B1C1-4CDB-90FB-A427B4139443}.Debug|Any CPU.ActiveCfg = Debug|Any CPU
		{A2A4D5F4-B1C1-4CDB-90FB-A427B4139443}.Debug|Any CPU.Build.0 = Debug|Any CPU
		{A2A4D5F4-B1C1-4CDB-90FB-A427B4139443}.Release|Any CPU.ActiveCfg = Release|Any CPU
		{A2A4D5F4-B1C1-4CDB-90FB-A427B4139443}.Release|Any CPU.Build.0 = Release|Any CPU
		{2D26FE47-506B-47AE-B02B-0B77D112E811}.Debug|Any CPU.ActiveCfg = Debug|Any CPU
		{2D26FE47-506B-47AE-B02B-0B77D112E811}.Debug|Any CPU.Build.0 = Debug|Any CPU
		{2D26FE47-506B-47AE-B02B-0B77D112E811}.Release|Any CPU.ActiveCfg = Release|Any CPU
		{2D26FE47-506B-47AE-B02B-0B77D112E811}.Release|Any CPU.Build.0 = Release|Any CPU
		{2721BBAD-6581-4C92-910E-0627D9DEC4BB}.Debug|Any CPU.ActiveCfg = Debug|Any CPU
		{2721BBAD-6581-4C92-910E-0627D9DEC4BB}.Debug|Any CPU.Build.0 = Debug|Any CPU
		{2721BBAD-6581-4C92-910E-0627D9DEC4BB}.Release|Any CPU.ActiveCfg = Release|Any CPU
		{2721BBAD-6581-4C92-910E-0627D9DEC4BB}.Release|Any CPU.Build.0 = Release|Any CPU
	EndGlobalSection
	GlobalSection(SolutionProperties) = preSolution
		HideSolutionNode = FALSE
	EndGlobalSection
	GlobalSection(NestedProjects) = preSolution
		{50354512-0CEB-4509-B044-EC146F6BADA5} = {5DC68250-F4F6-4D64-8FB9-C1090AB9F4F4}
		{058E0DB8-A07B-4B7B-82C8-F2493AA8F256} = {5DC68250-F4F6-4D64-8FB9-C1090AB9F4F4}
		{7CAA4862-36BE-46AE-BC02-E5A3BA56016F} = {74D07757-DD02-4911-928C-17AA44397FCB}
		{0270B06A-9ACF-4A01-A09B-B0D084C6E00A} = {DB8A13FB-210A-40BA-8138-9AA06276BE6A}
		{7945EE77-2F2D-4EFD-A8EB-49DC4F4946D7} = {50354512-0CEB-4509-B044-EC146F6BADA5}
		{A2A4D5F4-B1C1-4CDB-90FB-A427B4139443} = {058E0DB8-A07B-4B7B-82C8-F2493AA8F256}
		{2D26FE47-506B-47AE-B02B-0B77D112E811} = {33B23AB2-4773-4C4A-86AB-DF776185B2C0}
		{2721BBAD-6581-4C92-910E-0627D9DEC4BB} = {02EA681E-C7D8-13C7-8484-4AC65E1B71E8}
	EndGlobalSection
	GlobalSection(ExtensibilityGlobals) = postSolution
		SolutionGuid = {413C30AF-D0AE-4886-A0FA-1994D6C65565}
	EndGlobalSection
EndGlobal
